// !$*UTF8*$!
{
	archiveVersion = 1;
	classes = {
	};
	objectVersion = 46;
	objects = {

/* Begin PBXBuildFile section */
		171D70161CC5309A00402A04 /* LoginViewController.swift in Sources */ = {isa = PBXBuildFile; fileRef = 171D70151CC5309A00402A04 /* LoginViewController.swift */; };
		17A2638F1CC140F40092B027 /* ParseManager.swift in Sources */ = {isa = PBXBuildFile; fileRef = 17A2638E1CC140F40092B027 /* ParseManager.swift */; };
		2F7D06081CCA9DF20081F59D /* MIMSCell.xib in Resources */ = {isa = PBXBuildFile; fileRef = 2F7D06071CCA9DF20081F59D /* MIMSCell.xib */; };
		2F7D060B1CCA9FA60081F59D /* MIMSTableViewCell.swift in Sources */ = {isa = PBXBuildFile; fileRef = 2F7D060A1CCA9FA60081F59D /* MIMSTableViewCell.swift */; };
		2FB8F58B1CCD6AE9002C0E12 /* PatientInformationTableViewController.swift in Sources */ = {isa = PBXBuildFile; fileRef = 2FB8F58A1CCD6AE9002C0E12 /* PatientInformationTableViewController.swift */; };
		6787431709933676BEAB7178 /* Pods_MIMS_MIMSTests.framework in Frameworks */ = {isa = PBXBuildFile; fileRef = 14CE67DC1A201621FFADB68E /* Pods_MIMS_MIMSTests.framework */; };
		8F0CD4221CB737F500615490 /* AppDelegate.swift in Sources */ = {isa = PBXBuildFile; fileRef = 8F0CD4211CB737F500615490 /* AppDelegate.swift */; };
		8F0CD4271CB737F500615490 /* Main.storyboard in Resources */ = {isa = PBXBuildFile; fileRef = 8F0CD4251CB737F500615490 /* Main.storyboard */; };
		8F0CD4291CB737F500615490 /* Assets.xcassets in Resources */ = {isa = PBXBuildFile; fileRef = 8F0CD4281CB737F500615490 /* Assets.xcassets */; };
		8F0CD42C1CB737F500615490 /* LaunchScreen.storyboard in Resources */ = {isa = PBXBuildFile; fileRef = 8F0CD42A1CB737F500615490 /* LaunchScreen.storyboard */; };
		8F0CD4371CB737F500615490 /* MIMSTests.swift in Sources */ = {isa = PBXBuildFile; fileRef = 8F0CD4361CB737F500615490 /* MIMSTests.swift */; };
		8F1E0F551CC1EC8300FE92EB /* ParseTests.swift in Sources */ = {isa = PBXBuildFile; fileRef = 8F1E0F541CC1EC8300FE92EB /* ParseTests.swift */; };
		8F27425E1CC9B9B000D7B4B6 /* PatientTableViewController.swift in Sources */ = {isa = PBXBuildFile; fileRef = 8F27425D1CC9B9B000D7B4B6 /* PatientTableViewController.swift */; };
		8F2742611CC9BD2900D7B4B6 /* AppointmentsTableViewController.swift in Sources */ = {isa = PBXBuildFile; fileRef = 8F2742601CC9BD2900D7B4B6 /* AppointmentsTableViewController.swift */; };
		8F2742681CC9C8A400D7B4B6 /* Close Window Filled-100.png in Resources */ = {isa = PBXBuildFile; fileRef = 8F2742621CC9C8A400D7B4B6 /* Close Window Filled-100.png */; };
		8F2742691CC9C8A400D7B4B6 /* Administrator Male Filled-100.png in Resources */ = {isa = PBXBuildFile; fileRef = 8F2742631CC9C8A400D7B4B6 /* Administrator Male Filled-100.png */; };
		8F27426A1CC9C8A400D7B4B6 /* Heart Monitor Filled-100.png in Resources */ = {isa = PBXBuildFile; fileRef = 8F2742641CC9C8A400D7B4B6 /* Heart Monitor Filled-100.png */; };
		8F27426B1CC9C8A400D7B4B6 /* Appointment Reminders Filled-100.png in Resources */ = {isa = PBXBuildFile; fileRef = 8F2742651CC9C8A400D7B4B6 /* Appointment Reminders Filled-100.png */; };
		8F27426C1CC9C8A400D7B4B6 /* Dashboard Filled-100.png in Resources */ = {isa = PBXBuildFile; fileRef = 8F2742661CC9C8A400D7B4B6 /* Dashboard Filled-100.png */; };
		8F27426D1CC9C8A400D7B4B6 /* Side menu.png in Resources */ = {isa = PBXBuildFile; fileRef = 8F2742671CC9C8A400D7B4B6 /* Side menu.png */; };
		8F6AFF881CC6A69D00A8A1F0 /* DashboardTableViewController.swift in Sources */ = {isa = PBXBuildFile; fileRef = 8F6AFF871CC6A69D00A8A1F0 /* DashboardTableViewController.swift */; };
		8F6AFF8B1CC6A8D900A8A1F0 /* RevealViewTableViewController.swift in Sources */ = {isa = PBXBuildFile; fileRef = 8F6AFF8A1CC6A8D900A8A1F0 /* RevealViewTableViewController.swift */; };
		8F6AFF8D1CC6ABB900A8A1F0 /* Constants.swift in Sources */ = {isa = PBXBuildFile; fileRef = 8F6AFF8C1CC6ABB900A8A1F0 /* Constants.swift */; };
		8FF2F8EF1CC5270000E207B3 /* SWRevealViewController.m in Sources */ = {isa = PBXBuildFile; fileRef = 8FF2F8EE1CC5270000E207B3 /* SWRevealViewController.m */; };
		D110DD7B38F1143E0AD23770 /* Pods_MIMS.framework in Frameworks */ = {isa = PBXBuildFile; fileRef = 7CB677F43484CB2D4FB2691F /* Pods_MIMS.framework */; };
/* End PBXBuildFile section */

/* Begin PBXContainerItemProxy section */
		8F0CD4331CB737F500615490 /* PBXContainerItemProxy */ = {
			isa = PBXContainerItemProxy;
			containerPortal = 8F0CD4161CB737F400615490 /* Project object */;
			proxyType = 1;
			remoteGlobalIDString = 8F0CD41D1CB737F400615490;
			remoteInfo = MIMS;
		};
/* End PBXContainerItemProxy section */

/* Begin PBXFileReference section */
		084498F36BD44B8D1239DB17 /* Pods-MIMS.release.xcconfig */ = {isa = PBXFileReference; includeInIndex = 1; lastKnownFileType = text.xcconfig; name = "Pods-MIMS.release.xcconfig"; path = "Pods/Target Support Files/Pods-MIMS/Pods-MIMS.release.xcconfig"; sourceTree = "<group>"; };
		14CE67DC1A201621FFADB68E /* Pods_MIMS_MIMSTests.framework */ = {isa = PBXFileReference; explicitFileType = wrapper.framework; includeInIndex = 0; path = Pods_MIMS_MIMSTests.framework; sourceTree = BUILT_PRODUCTS_DIR; };
		171D70151CC5309A00402A04 /* LoginViewController.swift */ = {isa = PBXFileReference; fileEncoding = 4; lastKnownFileType = sourcecode.swift; path = LoginViewController.swift; sourceTree = "<group>"; };
		17A2638E1CC140F40092B027 /* ParseManager.swift */ = {isa = PBXFileReference; fileEncoding = 4; lastKnownFileType = sourcecode.swift; path = ParseManager.swift; sourceTree = "<group>"; };
		2F7D06071CCA9DF20081F59D /* MIMSCell.xib */ = {isa = PBXFileReference; fileEncoding = 4; lastKnownFileType = file.xib; path = MIMSCell.xib; sourceTree = "<group>"; };
		2F7D060A1CCA9FA60081F59D /* MIMSTableViewCell.swift */ = {isa = PBXFileReference; fileEncoding = 4; lastKnownFileType = sourcecode.swift; path = MIMSTableViewCell.swift; sourceTree = "<group>"; };
		2FB8F58A1CCD6AE9002C0E12 /* PatientInformationTableViewController.swift */ = {isa = PBXFileReference; fileEncoding = 4; lastKnownFileType = sourcecode.swift; path = PatientInformationTableViewController.swift; sourceTree = "<group>"; };
		7CB677F43484CB2D4FB2691F /* Pods_MIMS.framework */ = {isa = PBXFileReference; explicitFileType = wrapper.framework; includeInIndex = 0; path = Pods_MIMS.framework; sourceTree = BUILT_PRODUCTS_DIR; };
		8F0CD41E1CB737F400615490 /* MIMS.app */ = {isa = PBXFileReference; explicitFileType = wrapper.application; includeInIndex = 0; path = MIMS.app; sourceTree = BUILT_PRODUCTS_DIR; };
		8F0CD4211CB737F500615490 /* AppDelegate.swift */ = {isa = PBXFileReference; lastKnownFileType = sourcecode.swift; path = AppDelegate.swift; sourceTree = "<group>"; };
		8F0CD4261CB737F500615490 /* Base */ = {isa = PBXFileReference; lastKnownFileType = file.storyboard; name = Base; path = Base.lproj/Main.storyboard; sourceTree = "<group>"; };
		8F0CD4281CB737F500615490 /* Assets.xcassets */ = {isa = PBXFileReference; lastKnownFileType = folder.assetcatalog; path = Assets.xcassets; sourceTree = "<group>"; };
		8F0CD42B1CB737F500615490 /* Base */ = {isa = PBXFileReference; lastKnownFileType = file.storyboard; name = Base; path = Base.lproj/LaunchScreen.storyboard; sourceTree = "<group>"; };
		8F0CD42D1CB737F500615490 /* Info.plist */ = {isa = PBXFileReference; lastKnownFileType = text.plist.xml; path = Info.plist; sourceTree = "<group>"; };
		8F0CD4321CB737F500615490 /* MIMSTests.xctest */ = {isa = PBXFileReference; explicitFileType = wrapper.cfbundle; includeInIndex = 0; path = MIMSTests.xctest; sourceTree = BUILT_PRODUCTS_DIR; };
		8F0CD4361CB737F500615490 /* MIMSTests.swift */ = {isa = PBXFileReference; lastKnownFileType = sourcecode.swift; path = MIMSTests.swift; sourceTree = "<group>"; };
		8F0CD4381CB737F500615490 /* Info.plist */ = {isa = PBXFileReference; lastKnownFileType = text.plist.xml; path = Info.plist; sourceTree = "<group>"; };
		8F1E0F541CC1EC8300FE92EB /* ParseTests.swift */ = {isa = PBXFileReference; fileEncoding = 4; lastKnownFileType = sourcecode.swift; path = ParseTests.swift; sourceTree = "<group>"; };
		8F27425D1CC9B9B000D7B4B6 /* PatientTableViewController.swift */ = {isa = PBXFileReference; fileEncoding = 4; lastKnownFileType = sourcecode.swift; path = PatientTableViewController.swift; sourceTree = "<group>"; };
		8F2742601CC9BD2900D7B4B6 /* AppointmentsTableViewController.swift */ = {isa = PBXFileReference; fileEncoding = 4; lastKnownFileType = sourcecode.swift; path = AppointmentsTableViewController.swift; sourceTree = "<group>"; };
		8F2742621CC9C8A400D7B4B6 /* Close Window Filled-100.png */ = {isa = PBXFileReference; lastKnownFileType = image.png; name = "Close Window Filled-100.png"; path = "Design Assets/Close Window Filled-100.png"; sourceTree = "<group>"; };
		8F2742631CC9C8A400D7B4B6 /* Administrator Male Filled-100.png */ = {isa = PBXFileReference; lastKnownFileType = image.png; name = "Administrator Male Filled-100.png"; path = "Design Assets/Administrator Male Filled-100.png"; sourceTree = "<group>"; };
		8F2742641CC9C8A400D7B4B6 /* Heart Monitor Filled-100.png */ = {isa = PBXFileReference; lastKnownFileType = image.png; name = "Heart Monitor Filled-100.png"; path = "Design Assets/Heart Monitor Filled-100.png"; sourceTree = "<group>"; };
		8F2742651CC9C8A400D7B4B6 /* Appointment Reminders Filled-100.png */ = {isa = PBXFileReference; lastKnownFileType = image.png; name = "Appointment Reminders Filled-100.png"; path = "Design Assets/Appointment Reminders Filled-100.png"; sourceTree = "<group>"; };
		8F2742661CC9C8A400D7B4B6 /* Dashboard Filled-100.png */ = {isa = PBXFileReference; lastKnownFileType = image.png; name = "Dashboard Filled-100.png"; path = "Design Assets/Dashboard Filled-100.png"; sourceTree = "<group>"; };
		8F2742671CC9C8A400D7B4B6 /* Side menu.png */ = {isa = PBXFileReference; lastKnownFileType = image.png; name = "Side menu.png"; path = "Design Assets/Side menu.png"; sourceTree = "<group>"; };
		8F6AFF871CC6A69D00A8A1F0 /* DashboardTableViewController.swift */ = {isa = PBXFileReference; fileEncoding = 4; lastKnownFileType = sourcecode.swift; path = DashboardTableViewController.swift; sourceTree = "<group>"; };
		8F6AFF8A1CC6A8D900A8A1F0 /* RevealViewTableViewController.swift */ = {isa = PBXFileReference; fileEncoding = 4; lastKnownFileType = sourcecode.swift; path = RevealViewTableViewController.swift; sourceTree = "<group>"; };
		8F6AFF8C1CC6ABB900A8A1F0 /* Constants.swift */ = {isa = PBXFileReference; fileEncoding = 4; lastKnownFileType = sourcecode.swift; path = Constants.swift; sourceTree = "<group>"; };
		8FF2F8EC1CC526FF00E207B3 /* MIMS-Bridging-Header.h */ = {isa = PBXFileReference; lastKnownFileType = sourcecode.c.h; path = "MIMS-Bridging-Header.h"; sourceTree = "<group>"; };
		8FF2F8ED1CC5270000E207B3 /* SWRevealViewController.h */ = {isa = PBXFileReference; fileEncoding = 4; lastKnownFileType = sourcecode.c.h; path = SWRevealViewController.h; sourceTree = "<group>"; };
		8FF2F8EE1CC5270000E207B3 /* SWRevealViewController.m */ = {isa = PBXFileReference; fileEncoding = 4; lastKnownFileType = sourcecode.c.objc; path = SWRevealViewController.m; sourceTree = "<group>"; };
		9A0936321920F00E79D26BFC /* Pods-MIMS-MIMSTests.release.xcconfig */ = {isa = PBXFileReference; includeInIndex = 1; lastKnownFileType = text.xcconfig; name = "Pods-MIMS-MIMSTests.release.xcconfig"; path = "Pods/Target Support Files/Pods-MIMS-MIMSTests/Pods-MIMS-MIMSTests.release.xcconfig"; sourceTree = "<group>"; };
		AEEEE63171CFDE88209FCF6B /* Pods-MIMS-MIMSTests.debug.xcconfig */ = {isa = PBXFileReference; includeInIndex = 1; lastKnownFileType = text.xcconfig; name = "Pods-MIMS-MIMSTests.debug.xcconfig"; path = "Pods/Target Support Files/Pods-MIMS-MIMSTests/Pods-MIMS-MIMSTests.debug.xcconfig"; sourceTree = "<group>"; };
		FF0E630A478D07FBDAE4EC4D /* Pods-MIMS.debug.xcconfig */ = {isa = PBXFileReference; includeInIndex = 1; lastKnownFileType = text.xcconfig; name = "Pods-MIMS.debug.xcconfig"; path = "Pods/Target Support Files/Pods-MIMS/Pods-MIMS.debug.xcconfig"; sourceTree = "<group>"; };
/* End PBXFileReference section */

/* Begin PBXFrameworksBuildPhase section */
		8F0CD41B1CB737F400615490 /* Frameworks */ = {
			isa = PBXFrameworksBuildPhase;
			buildActionMask = 2147483647;
			files = (
				D110DD7B38F1143E0AD23770 /* Pods_MIMS.framework in Frameworks */,
			);
			runOnlyForDeploymentPostprocessing = 0;
		};
		8F0CD42F1CB737F500615490 /* Frameworks */ = {
			isa = PBXFrameworksBuildPhase;
			buildActionMask = 2147483647;
			files = (
				6787431709933676BEAB7178 /* Pods_MIMS_MIMSTests.framework in Frameworks */,
			);
			runOnlyForDeploymentPostprocessing = 0;
		};
/* End PBXFrameworksBuildPhase section */

/* Begin PBXGroup section */
		1439B2C0C9CBAC5AE1AB61ED /* Frameworks */ = {
			isa = PBXGroup;
			children = (
				7CB677F43484CB2D4FB2691F /* Pods_MIMS.framework */,
				14CE67DC1A201621FFADB68E /* Pods_MIMS_MIMSTests.framework */,
			);
			name = Frameworks;
			sourceTree = "<group>";
		};
		171D70141CC5307A00402A04 /* Login */ = {
			isa = PBXGroup;
			children = (
				171D70151CC5309A00402A04 /* LoginViewController.swift */,
			);
			name = Login;
			sourceTree = "<group>";
		};
		178751191CC527F200868A3B /* Storyboards */ = {
			isa = PBXGroup;
			children = (
				8F0CD42A1CB737F500615490 /* LaunchScreen.storyboard */,
				8F0CD4251CB737F500615490 /* Main.storyboard */,
			);
			name = Storyboards;
			sourceTree = "<group>";
		};
		2F7D06091CCA9F4E0081F59D /* Cells */ = {
			isa = PBXGroup;
			children = (
				2F7D06071CCA9DF20081F59D /* MIMSCell.xib */,
				2F7D060A1CCA9FA60081F59D /* MIMSTableViewCell.swift */,
			);
			name = Cells;
			sourceTree = "<group>";
		};
		8F0CD4151CB737F400615490 = {
			isa = PBXGroup;
			children = (
				8F0CD4201CB737F500615490 /* MIMS */,
				8F0CD4351CB737F500615490 /* MIMSTests */,
				8F0CD41F1CB737F400615490 /* Products */,
				F4796DA59BEA207F27E1B7C5 /* Pods */,
				1439B2C0C9CBAC5AE1AB61ED /* Frameworks */,
			);
			sourceTree = "<group>";
		};
		8F0CD41F1CB737F400615490 /* Products */ = {
			isa = PBXGroup;
			children = (
				8F0CD41E1CB737F400615490 /* MIMS.app */,
				8F0CD4321CB737F500615490 /* MIMSTests.xctest */,
			);
			name = Products;
			sourceTree = "<group>";
		};
		8F0CD4201CB737F500615490 /* MIMS */ = {
			isa = PBXGroup;
			children = (
				8F27425F1CC9BD1600D7B4B6 /* Appointments */,
				2F7D06091CCA9F4E0081F59D /* Cells */,
				8F27425C1CC9B98B00D7B4B6 /* Patients */,
				8F6AFF891CC6A8C400A8A1F0 /* RevealView */,
				8F6AFF861CC6A65E00A8A1F0 /* Dashboard */,
				171D70141CC5307A00402A04 /* Login */,
				178751191CC527F200868A3B /* Storyboards */,
				8FF2F8EB1CC526E800E207B3 /* Resources */,
				8F0CD4411CB7387000615490 /* Database */,
				8F0CD4211CB737F500615490 /* AppDelegate.swift */,
				8F0CD4281CB737F500615490 /* Assets.xcassets */,
				8F0CD42D1CB737F500615490 /* Info.plist */,
			);
			path = MIMS;
			sourceTree = "<group>";
		};
		8F0CD4351CB737F500615490 /* MIMSTests */ = {
			isa = PBXGroup;
			children = (
				8F0CD4361CB737F500615490 /* MIMSTests.swift */,
				8F0CD4381CB737F500615490 /* Info.plist */,
				8F1E0F541CC1EC8300FE92EB /* ParseTests.swift */,
			);
			path = MIMSTests;
			sourceTree = "<group>";
		};
		8F0CD4411CB7387000615490 /* Database */ = {
			isa = PBXGroup;
			children = (
				17A2638E1CC140F40092B027 /* ParseManager.swift */,
			);
			name = Database;
			sourceTree = "<group>";
		};
		8F27425C1CC9B98B00D7B4B6 /* Patients */ = {
			isa = PBXGroup;
			children = (
				2FB8F58A1CCD6AE9002C0E12 /* PatientInformationTableViewController.swift */,
				8F27425D1CC9B9B000D7B4B6 /* PatientTableViewController.swift */,
			);
			name = Patients;
			sourceTree = "<group>";
		};
		8F27425F1CC9BD1600D7B4B6 /* Appointments */ = {
			isa = PBXGroup;
			children = (
				8F2742601CC9BD2900D7B4B6 /* AppointmentsTableViewController.swift */,
			);
			name = Appointments;
			sourceTree = "<group>";
		};
		8F6AFF861CC6A65E00A8A1F0 /* Dashboard */ = {
			isa = PBXGroup;
			children = (
				8F6AFF871CC6A69D00A8A1F0 /* DashboardTableViewController.swift */,
			);
			name = Dashboard;
			sourceTree = "<group>";
		};
		8F6AFF891CC6A8C400A8A1F0 /* RevealView */ = {
			isa = PBXGroup;
			children = (
				8F6AFF8A1CC6A8D900A8A1F0 /* RevealViewTableViewController.swift */,
			);
			name = RevealView;
			sourceTree = "<group>";
		};
		8FF2F8EB1CC526E800E207B3 /* Resources */ = {
			isa = PBXGroup;
			children = (
				8F2742621CC9C8A400D7B4B6 /* Close Window Filled-100.png */,
				8F2742631CC9C8A400D7B4B6 /* Administrator Male Filled-100.png */,
				8F2742641CC9C8A400D7B4B6 /* Heart Monitor Filled-100.png */,
				8F2742651CC9C8A400D7B4B6 /* Appointment Reminders Filled-100.png */,
				8F2742661CC9C8A400D7B4B6 /* Dashboard Filled-100.png */,
				8F2742671CC9C8A400D7B4B6 /* Side menu.png */,
				8FF2F8ED1CC5270000E207B3 /* SWRevealViewController.h */,
				8FF2F8EE1CC5270000E207B3 /* SWRevealViewController.m */,
				8FF2F8EC1CC526FF00E207B3 /* MIMS-Bridging-Header.h */,
				8F6AFF8C1CC6ABB900A8A1F0 /* Constants.swift */,
			);
			name = Resources;
			sourceTree = "<group>";
		};
		F4796DA59BEA207F27E1B7C5 /* Pods */ = {
			isa = PBXGroup;
			children = (
				FF0E630A478D07FBDAE4EC4D /* Pods-MIMS.debug.xcconfig */,
				084498F36BD44B8D1239DB17 /* Pods-MIMS.release.xcconfig */,
				AEEEE63171CFDE88209FCF6B /* Pods-MIMS-MIMSTests.debug.xcconfig */,
				9A0936321920F00E79D26BFC /* Pods-MIMS-MIMSTests.release.xcconfig */,
			);
			name = Pods;
			sourceTree = "<group>";
		};
/* End PBXGroup section */

/* Begin PBXNativeTarget section */
		8F0CD41D1CB737F400615490 /* MIMS */ = {
			isa = PBXNativeTarget;
			buildConfigurationList = 8F0CD43B1CB737F500615490 /* Build configuration list for PBXNativeTarget "MIMS" */;
			buildPhases = (
				76D7D14C0F8DE2F77A144C1F /* 📦 Check Pods Manifest.lock */,
				8F0CD41A1CB737F400615490 /* Sources */,
				8F0CD41B1CB737F400615490 /* Frameworks */,
				8F0CD41C1CB737F400615490 /* Resources */,
				B924A65BF322AC9493707C52 /* 📦 Embed Pods Frameworks */,
				D5CCD88550C43B0F5926DCFE /* 📦 Copy Pods Resources */,
			);
			buildRules = (
			);
			dependencies = (
			);
			name = MIMS;
			productName = MIMS;
			productReference = 8F0CD41E1CB737F400615490 /* MIMS.app */;
			productType = "com.apple.product-type.application";
		};
		8F0CD4311CB737F500615490 /* MIMSTests */ = {
			isa = PBXNativeTarget;
			buildConfigurationList = 8F0CD43E1CB737F500615490 /* Build configuration list for PBXNativeTarget "MIMSTests" */;
			buildPhases = (
				8D58C52257848233918F6848 /* 📦 Check Pods Manifest.lock */,
				8F0CD42E1CB737F500615490 /* Sources */,
				8F0CD42F1CB737F500615490 /* Frameworks */,
				8F0CD4301CB737F500615490 /* Resources */,
				DECE51D828D7E8A873A40858 /* 📦 Embed Pods Frameworks */,
				AF27B2382547E292EE637DF2 /* 📦 Copy Pods Resources */,
			);
			buildRules = (
			);
			dependencies = (
				8F0CD4341CB737F500615490 /* PBXTargetDependency */,
			);
			name = MIMSTests;
			productName = MIMSTests;
			productReference = 8F0CD4321CB737F500615490 /* MIMSTests.xctest */;
			productType = "com.apple.product-type.bundle.unit-test";
		};
/* End PBXNativeTarget section */

/* Begin PBXProject section */
		8F0CD4161CB737F400615490 /* Project object */ = {
			isa = PBXProject;
			attributes = {
				LastSwiftUpdateCheck = 0730;
				LastUpgradeCheck = 0730;
				ORGANIZATIONNAME = "UML Lovers";
				TargetAttributes = {
					8F0CD41D1CB737F400615490 = {
						CreatedOnToolsVersion = 7.3;
					};
					8F0CD4311CB737F500615490 = {
						CreatedOnToolsVersion = 7.3;
						TestTargetID = 8F0CD41D1CB737F400615490;
					};
				};
			};
			buildConfigurationList = 8F0CD4191CB737F400615490 /* Build configuration list for PBXProject "MIMS" */;
			compatibilityVersion = "Xcode 3.2";
			developmentRegion = English;
			hasScannedForEncodings = 0;
			knownRegions = (
				en,
				Base,
			);
			mainGroup = 8F0CD4151CB737F400615490;
			productRefGroup = 8F0CD41F1CB737F400615490 /* Products */;
			projectDirPath = "";
			projectRoot = "";
			targets = (
				8F0CD41D1CB737F400615490 /* MIMS */,
				8F0CD4311CB737F500615490 /* MIMSTests */,
			);
		};
/* End PBXProject section */

/* Begin PBXResourcesBuildPhase section */
		8F0CD41C1CB737F400615490 /* Resources */ = {
			isa = PBXResourcesBuildPhase;
			buildActionMask = 2147483647;
			files = (
				8F0CD42C1CB737F500615490 /* LaunchScreen.storyboard in Resources */,
				2F7D06081CCA9DF20081F59D /* MIMSCell.xib in Resources */,
				8F27426C1CC9C8A400D7B4B6 /* Dashboard Filled-100.png in Resources */,
				8F27426D1CC9C8A400D7B4B6 /* Side menu.png in Resources */,
				8F27426A1CC9C8A400D7B4B6 /* Heart Monitor Filled-100.png in Resources */,
				8F27426B1CC9C8A400D7B4B6 /* Appointment Reminders Filled-100.png in Resources */,
				8F0CD4291CB737F500615490 /* Assets.xcassets in Resources */,
				8F2742681CC9C8A400D7B4B6 /* Close Window Filled-100.png in Resources */,
				8F2742691CC9C8A400D7B4B6 /* Administrator Male Filled-100.png in Resources */,
				8F0CD4271CB737F500615490 /* Main.storyboard in Resources */,
			);
			runOnlyForDeploymentPostprocessing = 0;
		};
		8F0CD4301CB737F500615490 /* Resources */ = {
			isa = PBXResourcesBuildPhase;
			buildActionMask = 2147483647;
			files = (
			);
			runOnlyForDeploymentPostprocessing = 0;
		};
/* End PBXResourcesBuildPhase section */

/* Begin PBXShellScriptBuildPhase section */
		76D7D14C0F8DE2F77A144C1F /* 📦 Check Pods Manifest.lock */ = {
			isa = PBXShellScriptBuildPhase;
			buildActionMask = 2147483647;
			files = (
			);
			inputPaths = (
			);
			name = "📦 Check Pods Manifest.lock";
			outputPaths = (
			);
			runOnlyForDeploymentPostprocessing = 0;
			shellPath = /bin/sh;
			shellScript = "diff \"${PODS_ROOT}/../Podfile.lock\" \"${PODS_ROOT}/Manifest.lock\" > /dev/null\nif [[ $? != 0 ]] ; then\n    cat << EOM\nerror: The sandbox is not in sync with the Podfile.lock. Run 'pod install' or update your CocoaPods installation.\nEOM\n    exit 1\nfi\n";
			showEnvVarsInLog = 0;
		};
		8D58C52257848233918F6848 /* 📦 Check Pods Manifest.lock */ = {
			isa = PBXShellScriptBuildPhase;
			buildActionMask = 2147483647;
			files = (
			);
			inputPaths = (
			);
			name = "📦 Check Pods Manifest.lock";
			outputPaths = (
			);
			runOnlyForDeploymentPostprocessing = 0;
			shellPath = /bin/sh;
			shellScript = "diff \"${PODS_ROOT}/../Podfile.lock\" \"${PODS_ROOT}/Manifest.lock\" > /dev/null\nif [[ $? != 0 ]] ; then\n    cat << EOM\nerror: The sandbox is not in sync with the Podfile.lock. Run 'pod install' or update your CocoaPods installation.\nEOM\n    exit 1\nfi\n";
			showEnvVarsInLog = 0;
		};
		AF27B2382547E292EE637DF2 /* 📦 Copy Pods Resources */ = {
			isa = PBXShellScriptBuildPhase;
			buildActionMask = 2147483647;
			files = (
			);
			inputPaths = (
			);
			name = "📦 Copy Pods Resources";
			outputPaths = (
			);
			runOnlyForDeploymentPostprocessing = 0;
			shellPath = /bin/sh;
			shellScript = "\"${SRCROOT}/Pods/Target Support Files/Pods-MIMS-MIMSTests/Pods-MIMS-MIMSTests-resources.sh\"\n";
			showEnvVarsInLog = 0;
		};
		B924A65BF322AC9493707C52 /* 📦 Embed Pods Frameworks */ = {
			isa = PBXShellScriptBuildPhase;
			buildActionMask = 2147483647;
			files = (
			);
			inputPaths = (
			);
			name = "📦 Embed Pods Frameworks";
			outputPaths = (
			);
			runOnlyForDeploymentPostprocessing = 0;
			shellPath = /bin/sh;
			shellScript = "\"${SRCROOT}/Pods/Target Support Files/Pods-MIMS/Pods-MIMS-frameworks.sh\"\n";
			showEnvVarsInLog = 0;
		};
		D5CCD88550C43B0F5926DCFE /* 📦 Copy Pods Resources */ = {
			isa = PBXShellScriptBuildPhase;
			buildActionMask = 2147483647;
			files = (
			);
			inputPaths = (
			);
			name = "📦 Copy Pods Resources";
			outputPaths = (
			);
			runOnlyForDeploymentPostprocessing = 0;
			shellPath = /bin/sh;
			shellScript = "\"${SRCROOT}/Pods/Target Support Files/Pods-MIMS/Pods-MIMS-resources.sh\"\n";
			showEnvVarsInLog = 0;
		};
		DECE51D828D7E8A873A40858 /* 📦 Embed Pods Frameworks */ = {
			isa = PBXShellScriptBuildPhase;
			buildActionMask = 2147483647;
			files = (
			);
			inputPaths = (
			);
			name = "📦 Embed Pods Frameworks";
			outputPaths = (
			);
			runOnlyForDeploymentPostprocessing = 0;
			shellPath = /bin/sh;
			shellScript = "\"${SRCROOT}/Pods/Target Support Files/Pods-MIMS-MIMSTests/Pods-MIMS-MIMSTests-frameworks.sh\"\n";
			showEnvVarsInLog = 0;
		};
/* End PBXShellScriptBuildPhase section */

/* Begin PBXSourcesBuildPhase section */
		8F0CD41A1CB737F400615490 /* Sources */ = {
			isa = PBXSourcesBuildPhase;
			buildActionMask = 2147483647;
			files = (
				2FB8F58B1CCD6AE9002C0E12 /* PatientInformationTableViewController.swift in Sources */,
				8F6AFF881CC6A69D00A8A1F0 /* DashboardTableViewController.swift in Sources */,
				171D70161CC5309A00402A04 /* LoginViewController.swift in Sources */,
				2F7D060B1CCA9FA60081F59D /* MIMSTableViewCell.swift in Sources */,
				8F0CD4221CB737F500615490 /* AppDelegate.swift in Sources */,
				8FF2F8EF1CC5270000E207B3 /* SWRevealViewController.m in Sources */,
				8F27425E1CC9B9B000D7B4B6 /* PatientTableViewController.swift in Sources */,
				17A2638F1CC140F40092B027 /* ParseManager.swift in Sources */,
				8F2742611CC9BD2900D7B4B6 /* AppointmentsTableViewController.swift in Sources */,
				8F6AFF8B1CC6A8D900A8A1F0 /* RevealViewTableViewController.swift in Sources */,
				8F6AFF8D1CC6ABB900A8A1F0 /* Constants.swift in Sources */,
			);
			runOnlyForDeploymentPostprocessing = 0;
		};
		8F0CD42E1CB737F500615490 /* Sources */ = {
			isa = PBXSourcesBuildPhase;
			buildActionMask = 2147483647;
			files = (
				8F0CD4371CB737F500615490 /* MIMSTests.swift in Sources */,
				8F1E0F551CC1EC8300FE92EB /* ParseTests.swift in Sources */,
			);
			runOnlyForDeploymentPostprocessing = 0;
		};
/* End PBXSourcesBuildPhase section */

/* Begin PBXTargetDependency section */
		8F0CD4341CB737F500615490 /* PBXTargetDependency */ = {
			isa = PBXTargetDependency;
			target = 8F0CD41D1CB737F400615490 /* MIMS */;
			targetProxy = 8F0CD4331CB737F500615490 /* PBXContainerItemProxy */;
		};
/* End PBXTargetDependency section */

/* Begin PBXVariantGroup section */
		8F0CD4251CB737F500615490 /* Main.storyboard */ = {
			isa = PBXVariantGroup;
			children = (
				8F0CD4261CB737F500615490 /* Base */,
			);
			name = Main.storyboard;
			sourceTree = "<group>";
		};
		8F0CD42A1CB737F500615490 /* LaunchScreen.storyboard */ = {
			isa = PBXVariantGroup;
			children = (
				8F0CD42B1CB737F500615490 /* Base */,
			);
			name = LaunchScreen.storyboard;
			sourceTree = "<group>";
		};
/* End PBXVariantGroup section */

/* Begin XCBuildConfiguration section */
		8F0CD4391CB737F500615490 /* Debug */ = {
			isa = XCBuildConfiguration;
			buildSettings = {
				ALWAYS_SEARCH_USER_PATHS = NO;
				CLANG_ANALYZER_NONNULL = YES;
				CLANG_CXX_LANGUAGE_STANDARD = "gnu++0x";
				CLANG_CXX_LIBRARY = "libc++";
				CLANG_ENABLE_MODULES = YES;
				CLANG_ENABLE_OBJC_ARC = YES;
				CLANG_WARN_BOOL_CONVERSION = YES;
				CLANG_WARN_CONSTANT_CONVERSION = YES;
				CLANG_WARN_DIRECT_OBJC_ISA_USAGE = YES_ERROR;
				CLANG_WARN_EMPTY_BODY = YES;
				CLANG_WARN_ENUM_CONVERSION = YES;
				CLANG_WARN_INT_CONVERSION = YES;
				CLANG_WARN_OBJC_ROOT_CLASS = YES_ERROR;
				CLANG_WARN_UNREACHABLE_CODE = YES;
				CLANG_WARN__DUPLICATE_METHOD_MATCH = YES;
				"CODE_SIGN_IDENTITY[sdk=iphoneos*]" = "iPhone Developer";
				COPY_PHASE_STRIP = NO;
				DEBUG_INFORMATION_FORMAT = dwarf;
				ENABLE_STRICT_OBJC_MSGSEND = YES;
				ENABLE_TESTABILITY = YES;
				GCC_C_LANGUAGE_STANDARD = gnu99;
				GCC_DYNAMIC_NO_PIC = NO;
				GCC_NO_COMMON_BLOCKS = YES;
				GCC_OPTIMIZATION_LEVEL = 0;
				GCC_PREPROCESSOR_DEFINITIONS = (
					"DEBUG=1",
					"$(inherited)",
				);
				GCC_WARN_64_TO_32_BIT_CONVERSION = YES;
				GCC_WARN_ABOUT_RETURN_TYPE = YES_ERROR;
				GCC_WARN_UNDECLARED_SELECTOR = YES;
				GCC_WARN_UNINITIALIZED_AUTOS = YES_AGGRESSIVE;
				GCC_WARN_UNUSED_FUNCTION = YES;
				GCC_WARN_UNUSED_VARIABLE = YES;
				IPHONEOS_DEPLOYMENT_TARGET = 9.3;
				MTL_ENABLE_DEBUG_INFO = YES;
				ONLY_ACTIVE_ARCH = YES;
				SDKROOT = iphoneos;
				SWIFT_OPTIMIZATION_LEVEL = "-Onone";
			};
			name = Debug;
		};
		8F0CD43A1CB737F500615490 /* Release */ = {
			isa = XCBuildConfiguration;
			buildSettings = {
				ALWAYS_SEARCH_USER_PATHS = NO;
				CLANG_ANALYZER_NONNULL = YES;
				CLANG_CXX_LANGUAGE_STANDARD = "gnu++0x";
				CLANG_CXX_LIBRARY = "libc++";
				CLANG_ENABLE_MODULES = YES;
				CLANG_ENABLE_OBJC_ARC = YES;
				CLANG_WARN_BOOL_CONVERSION = YES;
				CLANG_WARN_CONSTANT_CONVERSION = YES;
				CLANG_WARN_DIRECT_OBJC_ISA_USAGE = YES_ERROR;
				CLANG_WARN_EMPTY_BODY = YES;
				CLANG_WARN_ENUM_CONVERSION = YES;
				CLANG_WARN_INT_CONVERSION = YES;
				CLANG_WARN_OBJC_ROOT_CLASS = YES_ERROR;
				CLANG_WARN_UNREACHABLE_CODE = YES;
				CLANG_WARN__DUPLICATE_METHOD_MATCH = YES;
				"CODE_SIGN_IDENTITY[sdk=iphoneos*]" = "iPhone Developer";
				COPY_PHASE_STRIP = NO;
				DEBUG_INFORMATION_FORMAT = "dwarf-with-dsym";
				ENABLE_NS_ASSERTIONS = NO;
				ENABLE_STRICT_OBJC_MSGSEND = YES;
				GCC_C_LANGUAGE_STANDARD = gnu99;
				GCC_NO_COMMON_BLOCKS = YES;
				GCC_WARN_64_TO_32_BIT_CONVERSION = YES;
				GCC_WARN_ABOUT_RETURN_TYPE = YES_ERROR;
				GCC_WARN_UNDECLARED_SELECTOR = YES;
				GCC_WARN_UNINITIALIZED_AUTOS = YES_AGGRESSIVE;
				GCC_WARN_UNUSED_FUNCTION = YES;
				GCC_WARN_UNUSED_VARIABLE = YES;
				IPHONEOS_DEPLOYMENT_TARGET = 9.3;
				MTL_ENABLE_DEBUG_INFO = NO;
				SDKROOT = iphoneos;
				VALIDATE_PRODUCT = YES;
			};
			name = Release;
		};
		8F0CD43C1CB737F500615490 /* Debug */ = {
			isa = XCBuildConfiguration;
			baseConfigurationReference = FF0E630A478D07FBDAE4EC4D /* Pods-MIMS.debug.xcconfig */;
			buildSettings = {
				ASSETCATALOG_COMPILER_APPICON_NAME = AppIcon;
				CLANG_ENABLE_MODULES = YES;
				INFOPLIST_FILE = MIMS/Info.plist;
				LD_RUNPATH_SEARCH_PATHS = "$(inherited) @executable_path/Frameworks";
				PRODUCT_BUNDLE_IDENTIFIER = UMLLovers.MIMS;
				PRODUCT_NAME = "$(TARGET_NAME)";
				SWIFT_OBJC_BRIDGING_HEADER = "MIMS/MIMS-Bridging-Header.h";
				SWIFT_OPTIMIZATION_LEVEL = "-Onone";
			};
			name = Debug;
		};
		8F0CD43D1CB737F500615490 /* Release */ = {
			isa = XCBuildConfiguration;
			baseConfigurationReference = 084498F36BD44B8D1239DB17 /* Pods-MIMS.release.xcconfig */;
			buildSettings = {
				ASSETCATALOG_COMPILER_APPICON_NAME = AppIcon;
				CLANG_ENABLE_MODULES = YES;
				INFOPLIST_FILE = MIMS/Info.plist;
				LD_RUNPATH_SEARCH_PATHS = "$(inherited) @executable_path/Frameworks";
				PRODUCT_BUNDLE_IDENTIFIER = UMLLovers.MIMS;
				PRODUCT_NAME = "$(TARGET_NAME)";
				SWIFT_OBJC_BRIDGING_HEADER = "MIMS/MIMS-Bridging-Header.h";
			};
			name = Release;
		};
		8F0CD43F1CB737F500615490 /* Debug */ = {
			isa = XCBuildConfiguration;
			baseConfigurationReference = AEEEE63171CFDE88209FCF6B /* Pods-MIMS-MIMSTests.debug.xcconfig */;
			buildSettings = {
				BUNDLE_LOADER = "$(TEST_HOST)";
				INFOPLIST_FILE = MIMSTests/Info.plist;
				LD_RUNPATH_SEARCH_PATHS = "$(inherited) @executable_path/Frameworks @loader_path/Frameworks";
				PRODUCT_BUNDLE_IDENTIFIER = UMLLovers.MIMSTests;
				PRODUCT_NAME = "$(TARGET_NAME)";
				TEST_HOST = "$(BUILT_PRODUCTS_DIR)/MIMS.app/MIMS";
			};
			name = Debug;
		};
		8F0CD4401CB737F500615490 /* Release */ = {
			isa = XCBuildConfiguration;
			baseConfigurationReference = 9A0936321920F00E79D26BFC /* Pods-MIMS-MIMSTests.release.xcconfig */;
			buildSettings = {
				BUNDLE_LOADER = "$(TEST_HOST)";
				INFOPLIST_FILE = MIMSTests/Info.plist;
				LD_RUNPATH_SEARCH_PATHS = "$(inherited) @executable_path/Frameworks @loader_path/Frameworks";
				PRODUCT_BUNDLE_IDENTIFIER = UMLLovers.MIMSTests;
				PRODUCT_NAME = "$(TARGET_NAME)";
				TEST_HOST = "$(BUILT_PRODUCTS_DIR)/MIMS.app/MIMS";
			};
			name = Release;
		};
/* End XCBuildConfiguration section */

/* Begin XCConfigurationList section */
		8F0CD4191CB737F400615490 /* Build configuration list for PBXProject "MIMS" */ = {
			isa = XCConfigurationList;
			buildConfigurations = (
				8F0CD4391CB737F500615490 /* Debug */,
				8F0CD43A1CB737F500615490 /* Release */,
			);
			defaultConfigurationIsVisible = 0;
			defaultConfigurationName = Release;
		};
		8F0CD43B1CB737F500615490 /* Build configuration list for PBXNativeTarget "MIMS" */ = {
			isa = XCConfigurationList;
			buildConfigurations = (
				8F0CD43C1CB737F500615490 /* Debug */,
				8F0CD43D1CB737F500615490 /* Release */,
			);
			defaultConfigurationIsVisible = 0;
			defaultConfigurationName = Release;
		};
		8F0CD43E1CB737F500615490 /* Build configuration list for PBXNativeTarget "MIMSTests" */ = {
			isa = XCConfigurationList;
			buildConfigurations = (
				8F0CD43F1CB737F500615490 /* Debug */,
				8F0CD4401CB737F500615490 /* Release */,
			);
			defaultConfigurationIsVisible = 0;
			defaultConfigurationName = Release;
		};
/* End XCConfigurationList section */
	};
	rootObject = 8F0CD4161CB737F400615490 /* Project object */;
}
